{
    "name": "woketo-ws-perf-test",
    "version": "0.0.1",
    "lockfileVersion": 1,
    "requires": true,
    "dependencies": {
        "options": {
            "version": "0.0.6",
            "resolved": "https://registry.npmjs.org/options/-/options-0.0.6.tgz",
            "integrity": "sha1-7CLTEoBrtT5zF3Pnza788cZDEo8="
        },
        "ultron": {
            "version": "1.0.2",
            "resolved": "https://registry.npmjs.org/ultron/-/ultron-1.0.2.tgz",
            "integrity": "sha1-rOEWq1V80Zc4ak6I9GhTeMiy5Po="
        },
        "ws": {
            "version": "1.1.5",
            "resolved": "https://registry.npmjs.org/ws/-/ws-1.1.5.tgz",
            "integrity": "sha512-o3KqipXNUdS7wpQzBHSe180lBGO60SoK0yVo3CYJgb2MkobuWuBX6dhkYP5ORCLd55y+SaflMOV5fqAB53ux4w==",
            "requires": {
                "options": "0.0.6",
                "ultron": "1.0.2"
            }
        }
    }
}
